
Microsoft Visual Studio Solution File, Format Version 12.00
# Visual Studio Version 17
VisualStudioVersion = 17.4.33213.308
MinimumVisualStudioVersion = 10.0.40219.1
Project("{9A19103F-16F7-4668-BE54-9A1E7A4F7556}") = "UserRegistrationForm", "UserRegistrationForm.csproj", "{51BE8E60-D99B-473F-AA56-DF5574566422}"
EndProject
Global
	GlobalSection(SolutionConfigurationPlatforms) = preSolution
		Debug|Any CPU = Debug|Any CPU
		Release|Any CPU = Release|Any CPU
	EndGlobalSection
	GlobalSection(ProjectConfigurationPlatforms) = postSolution
		{51BE8E60-D99B-473F-AA56-DF5574566422}.Debug|Any CPU.ActiveCfg = Debug|Any CPU
		{51BE8E60-D99B-473F-AA56-DF5574566422}.Debug|Any CPU.Build.0 = Debug|Any CPU
		{51BE8E60-D99B-473F-AA56-DF5574566422}.Release|Any CPU.ActiveCfg = Release|Any CPU
		{51BE8E60-D99B-473F-AA56-DF5574566422}.Release|Any CPU.Build.0 = Release|Any CPU
	EndGlobalSection
	GlobalSection(SolutionProperties) = preSolution
		HideSolutionNode = FALSE
	EndGlobalSection
	GlobalSection(ExtensibilityGlobals) = postSolution
		SolutionGuid = {24DAFF9B-44F3-459E-AFE9-1296D0AD9A78}
	EndGlobalSection
EndGlobal
